// !$*UTF8*$!
{
	archiveVersion = 1;
	classes = {
	};
	objectVersion = 55;
	objects = {

/* Begin PBXBuildFile section */
		04D9F05228A24C6D007807B9 /* Localizable.strings in Resources */ = {isa = PBXBuildFile; fileRef = 04D9F05428A24C6D007807B9 /* Localizable.strings */; };
		233794E50B76C76B55C3792A /* Pods_FingerOfTheDay.framework in Frameworks */ = {isa = PBXBuildFile; fileRef = B05C31ECFC0E7FCBD2123AB5 /* Pods_FingerOfTheDay.framework */; };
		A2113BDE289FB9AC00F37A44 /* AppDelegate.swift in Sources */ = {isa = PBXBuildFile; fileRef = A2113BDD289FB9AC00F37A44 /* AppDelegate.swift */; };
		A2113BE0289FB9AC00F37A44 /* SceneDelegate.swift in Sources */ = {isa = PBXBuildFile; fileRef = A2113BDF289FB9AC00F37A44 /* SceneDelegate.swift */; };
		A2113BE2289FB9AC00F37A44 /* ViewController.swift in Sources */ = {isa = PBXBuildFile; fileRef = A2113BE1289FB9AC00F37A44 /* ViewController.swift */; };
		A2113BE5289FB9AC00F37A44 /* Main.storyboard in Resources */ = {isa = PBXBuildFile; fileRef = A2113BE3289FB9AC00F37A44 /* Main.storyboard */; };
		A2113BE7289FB9AF00F37A44 /* Assets.xcassets in Resources */ = {isa = PBXBuildFile; fileRef = A2113BE6289FB9AF00F37A44 /* Assets.xcassets */; };
		A2113BEA289FB9AF00F37A44 /* LaunchScreen.storyboard in Resources */ = {isa = PBXBuildFile; fileRef = A2113BE8289FB9AF00F37A44 /* LaunchScreen.storyboard */; };
		A21542CE28A3F5F8005C2858 /* jjanga.jpg in Resources */ = {isa = PBXBuildFile; fileRef = A21542CD28A3F5F8005C2858 /* jjanga.jpg */; };
		A2B8B72F289FFB19006D2E5B /* space.jpeg in Resources */ = {isa = PBXBuildFile; fileRef = A2B8B72E289FFB19006D2E5B /* space.jpeg */; };
		A2FFCF2A289FC260005D6538 /* Helper.swift in Sources */ = {isa = PBXBuildFile; fileRef = A2FFCF29289FC260005D6538 /* Helper.swift */; };
/* End PBXBuildFile section */

/* Begin PBXFileReference section */
		04D9F05328A24C6D007807B9 /* en */ = {isa = PBXFileReference; lastKnownFileType = text.plist.strings; name = en; path = en.lproj/Localizable.strings; sourceTree = "<group>"; };
		855C3AC0218A2BD6B61E3022 /* Pods-FingerOfTheDay.release.xcconfig */ = {isa = PBXFileReference; includeInIndex = 1; lastKnownFileType = text.xcconfig; name = "Pods-FingerOfTheDay.release.xcconfig"; path = "Target Support Files/Pods-FingerOfTheDay/Pods-FingerOfTheDay.release.xcconfig"; sourceTree = "<group>"; };
		A2113BDA289FB9AC00F37A44 /* FingerOfTheDay.app */ = {isa = PBXFileReference; explicitFileType = wrapper.application; includeInIndex = 0; path = FingerOfTheDay.app; sourceTree = BUILT_PRODUCTS_DIR; };
		A2113BDD289FB9AC00F37A44 /* AppDelegate.swift */ = {isa = PBXFileReference; lastKnownFileType = sourcecode.swift; path = AppDelegate.swift; sourceTree = "<group>"; };
		A2113BDF289FB9AC00F37A44 /* SceneDelegate.swift */ = {isa = PBXFileReference; lastKnownFileType = sourcecode.swift; path = SceneDelegate.swift; sourceTree = "<group>"; };
		A2113BE1289FB9AC00F37A44 /* ViewController.swift */ = {isa = PBXFileReference; lastKnownFileType = sourcecode.swift; path = ViewController.swift; sourceTree = "<group>"; };
		A2113BE4289FB9AC00F37A44 /* Base */ = {isa = PBXFileReference; lastKnownFileType = file.storyboard; name = Base; path = Base.lproj/Main.storyboard; sourceTree = "<group>"; };
		A2113BE6289FB9AF00F37A44 /* Assets.xcassets */ = {isa = PBXFileReference; lastKnownFileType = folder.assetcatalog; path = Assets.xcassets; sourceTree = "<group>"; };
		A2113BE9289FB9AF00F37A44 /* Base */ = {isa = PBXFileReference; lastKnownFileType = file.storyboard; name = Base; path = Base.lproj/LaunchScreen.storyboard; sourceTree = "<group>"; };
		A2113BEB289FB9AF00F37A44 /* Info.plist */ = {isa = PBXFileReference; lastKnownFileType = text.plist.xml; path = Info.plist; sourceTree = "<group>"; };
		A21542CD28A3F5F8005C2858 /* jjanga.jpg */ = {isa = PBXFileReference; lastKnownFileType = image.jpeg; path = jjanga.jpg; sourceTree = "<group>"; };
		A2B8B72E289FFB19006D2E5B /* space.jpeg */ = {isa = PBXFileReference; lastKnownFileType = image.jpeg; path = space.jpeg; sourceTree = "<group>"; };
		A2FFCF29289FC260005D6538 /* Helper.swift */ = {isa = PBXFileReference; lastKnownFileType = sourcecode.swift; path = Helper.swift; sourceTree = "<group>"; };
		B05C31ECFC0E7FCBD2123AB5 /* Pods_FingerOfTheDay.framework */ = {isa = PBXFileReference; explicitFileType = wrapper.framework; includeInIndex = 0; path = Pods_FingerOfTheDay.framework; sourceTree = BUILT_PRODUCTS_DIR; };
		E244B9A64AB94DB249F9BDD7 /* Pods-FingerOfTheDay.debug.xcconfig */ = {isa = PBXFileReference; includeInIndex = 1; lastKnownFileType = text.xcconfig; name = "Pods-FingerOfTheDay.debug.xcconfig"; path = "Target Support Files/Pods-FingerOfTheDay/Pods-FingerOfTheDay.debug.xcconfig"; sourceTree = "<group>"; };
/* End PBXFileReference section */

/* Begin PBXFrameworksBuildPhase section */
		A2113BD7289FB9AC00F37A44 /* Frameworks */ = {
			isa = PBXFrameworksBuildPhase;
			buildActionMask = 2147483647;
			files = (
				233794E50B76C76B55C3792A /* Pods_FingerOfTheDay.framework in Frameworks */,
			);
			runOnlyForDeploymentPostprocessing = 0;
		};
/* End PBXFrameworksBuildPhase section */

/* Begin PBXGroup section */
		24BD492DD3BE79E8AA63BE6C /* Frameworks */ = {
			isa = PBXGroup;
			children = (
				B05C31ECFC0E7FCBD2123AB5 /* Pods_FingerOfTheDay.framework */,
			);
			name = Frameworks;
			sourceTree = "<group>";
		};
		3125367E3276C3767D0565CE /* Pods */ = {
			isa = PBXGroup;
			children = (
				E244B9A64AB94DB249F9BDD7 /* Pods-FingerOfTheDay.debug.xcconfig */,
				855C3AC0218A2BD6B61E3022 /* Pods-FingerOfTheDay.release.xcconfig */,
			);
			path = Pods;
			sourceTree = "<group>";
		};
		A2113BD1289FB9AC00F37A44 = {
			isa = PBXGroup;
			children = (
				A2113BDC289FB9AC00F37A44 /* FingerOfTheDay */,
				A2113BDB289FB9AC00F37A44 /* Products */,
				3125367E3276C3767D0565CE /* Pods */,
				24BD492DD3BE79E8AA63BE6C /* Frameworks */,
			);
			sourceTree = "<group>";
		};
		A2113BDB289FB9AC00F37A44 /* Products */ = {
			isa = PBXGroup;
			children = (
				A2113BDA289FB9AC00F37A44 /* FingerOfTheDay.app */,
			);
			name = Products;
			sourceTree = "<group>";
		};
		A2113BDC289FB9AC00F37A44 /* FingerOfTheDay */ = {
			isa = PBXGroup;
			children = (
				A2B8B72D289FF325006D2E5B /* asset */,
				A2FFCF28289FC206005D6538 /* Helper */,
				A2113BE1289FB9AC00F37A44 /* ViewController.swift */,
				A2113BE3289FB9AC00F37A44 /* Main.storyboard */,
				A2113BE6289FB9AF00F37A44 /* Assets.xcassets */,
				A2113BE8289FB9AF00F37A44 /* LaunchScreen.storyboard */,
				A2113BEB289FB9AF00F37A44 /* Info.plist */,
				04D9F05428A24C6D007807B9 /* Localizable.strings */,
			);
			path = FingerOfTheDay;
			sourceTree = "<group>";
		};
		A2B8B72D289FF325006D2E5B /* asset */ = {
			isa = PBXGroup;
			children = (
				A21542CD28A3F5F8005C2858 /* jjanga.jpg */,
				A2B8B72E289FFB19006D2E5B /* space.jpeg */,
			);
			path = asset;
			sourceTree = "<group>";
		};
		A2FFCF28289FC206005D6538 /* Helper */ = {
			isa = PBXGroup;
			children = (
				A2113BDD289FB9AC00F37A44 /* AppDelegate.swift */,
				A2113BDF289FB9AC00F37A44 /* SceneDelegate.swift */,
				A2FFCF29289FC260005D6538 /* Helper.swift */,
			);
			path = Helper;
			sourceTree = "<group>";
		};
/* End PBXGroup section */

/* Begin PBXNativeTarget section */
		A2113BD9289FB9AC00F37A44 /* FingerOfTheDay */ = {
			isa = PBXNativeTarget;
			buildConfigurationList = A2113BEE289FB9AF00F37A44 /* Build configuration list for PBXNativeTarget "FingerOfTheDay" */;
			buildPhases = (
				FBE58C7B3219480DA8D4D60F /* [CP] Check Pods Manifest.lock */,
				A2113BD6289FB9AC00F37A44 /* Sources */,
				A2113BD7289FB9AC00F37A44 /* Frameworks */,
				A2113BD8289FB9AC00F37A44 /* Resources */,
				55E91881F86634EEE8B55E76 /* [CP] Embed Pods Frameworks */,
			);
			buildRules = (
			);
			dependencies = (
			);
			name = FingerOfTheDay;
			productName = FingerOfTheDay;
			productReference = A2113BDA289FB9AC00F37A44 /* FingerOfTheDay.app */;
			productType = "com.apple.product-type.application";
		};
/* End PBXNativeTarget section */

/* Begin PBXProject section */
		A2113BD2289FB9AC00F37A44 /* Project object */ = {
			isa = PBXProject;
			attributes = {
				BuildIndependentTargetsInParallel = 1;
				LastSwiftUpdateCheck = 1340;
				LastUpgradeCheck = 1340;
				TargetAttributes = {
					A2113BD9289FB9AC00F37A44 = {
						CreatedOnToolsVersion = 13.4.1;
					};
				};
			};
			buildConfigurationList = A2113BD5289FB9AC00F37A44 /* Build configuration list for PBXProject "FingerOfTheDay" */;
			compatibilityVersion = "Xcode 13.0";
			developmentRegion = en;
			hasScannedForEncodings = 0;
			knownRegions = (
				en,
				Base,
			);
			mainGroup = A2113BD1289FB9AC00F37A44;
			productRefGroup = A2113BDB289FB9AC00F37A44 /* Products */;
			projectDirPath = "";
			projectRoot = "";
			targets = (
				A2113BD9289FB9AC00F37A44 /* FingerOfTheDay */,
			);
		};
/* End PBXProject section */

/* Begin PBXResourcesBuildPhase section */
		A2113BD8289FB9AC00F37A44 /* Resources */ = {
			isa = PBXResourcesBuildPhase;
			buildActionMask = 2147483647;
			files = (
				A21542CE28A3F5F8005C2858 /* jjanga.jpg in Resources */,
				A2113BEA289FB9AF00F37A44 /* LaunchScreen.storyboard in Resources */,
				A2113BE7289FB9AF00F37A44 /* Assets.xcassets in Resources */,
				A2B8B72F289FFB19006D2E5B /* space.jpeg in Resources */,
				A2113BE5289FB9AC00F37A44 /* Main.storyboard in Resources */,
				04D9F05228A24C6D007807B9 /* Localizable.strings in Resources */,
			);
			runOnlyForDeploymentPostprocessing = 0;
		};
/* End PBXResourcesBuildPhase section */

/* Begin PBXShellScriptBuildPhase section */
		55E91881F86634EEE8B55E76 /* [CP] Embed Pods Frameworks */ = {
			isa = PBXShellScriptBuildPhase;
			buildActionMask = 2147483647;
			files = (
			);
			inputFileListPaths = (
				"${PODS_ROOT}/Target Support Files/Pods-FingerOfTheDay/Pods-FingerOfTheDay-frameworks-${CONFIGURATION}-input-files.xcfilelist",
			);
			name = "[CP] Embed Pods Frameworks";
			outputFileListPaths = (
				"${PODS_ROOT}/Target Support Files/Pods-FingerOfTheDay/Pods-FingerOfTheDay-frameworks-${CONFIGURATION}-output-files.xcfilelist",
			);
			runOnlyForDeploymentPostprocessing = 0;
			shellPath = /bin/sh;
			shellScript = "\"${PODS_ROOT}/Target Support Files/Pods-FingerOfTheDay/Pods-FingerOfTheDay-frameworks.sh\"\n";
			showEnvVarsInLog = 0;
		};
		FBE58C7B3219480DA8D4D60F /* [CP] Check Pods Manifest.lock */ = {
			isa = PBXShellScriptBuildPhase;
			buildActionMask = 2147483647;
			files = (
			);
			inputFileListPaths = (
			);
			inputPaths = (
				"${PODS_PODFILE_DIR_PATH}/Podfile.lock",
				"${PODS_ROOT}/Manifest.lock",
			);
			name = "[CP] Check Pods Manifest.lock";
			outputFileListPaths = (
			);
			outputPaths = (
				"$(DERIVED_FILE_DIR)/Pods-FingerOfTheDay-checkManifestLockResult.txt",
			);
			runOnlyForDeploymentPostprocessing = 0;
			shellPath = /bin/sh;
			shellScript = "diff \"${PODS_PODFILE_DIR_PATH}/Podfile.lock\" \"${PODS_ROOT}/Manifest.lock\" > /dev/null\nif [ $? != 0 ] ; then\n    # print error to STDERR\n    echo \"error: The sandbox is not in sync with the Podfile.lock. Run 'pod install' or update your CocoaPods installation.\" >&2\n    exit 1\nfi\n# This output is used by Xcode 'outputs' to avoid re-running this script phase.\necho \"SUCCESS\" > \"${SCRIPT_OUTPUT_FILE_0}\"\n";
			showEnvVarsInLog = 0;
		};
/* End PBXShellScriptBuildPhase section */

/* Begin PBXSourcesBuildPhase section */
		A2113BD6289FB9AC00F37A44 /* Sources */ = {
			isa = PBXSourcesBuildPhase;
			buildActionMask = 2147483647;
			files = (
				A2113BE2289FB9AC00F37A44 /* ViewController.swift in Sources */,
				A2113BDE289FB9AC00F37A44 /* AppDelegate.swift in Sources */,
				A2113BE0289FB9AC00F37A44 /* SceneDelegate.swift in Sources */,
				A2FFCF2A289FC260005D6538 /* Helper.swift in Sources */,
			);
			runOnlyForDeploymentPostprocessing = 0;
		};
/* End PBXSourcesBuildPhase section */

/* Begin PBXVariantGroup section */
		04D9F05428A24C6D007807B9 /* Localizable.strings */ = {
			isa = PBXVariantGroup;
			children = (
				04D9F05328A24C6D007807B9 /* en */,
			);
			name = Localizable.strings;
			sourceTree = "<group>";
		};
		A2113BE3289FB9AC00F37A44 /* Main.storyboard */ = {
			isa = PBXVariantGroup;
			children = (
				A2113BE4289FB9AC00F37A44 /* Base */,
			);
			name = Main.storyboard;
			sourceTree = "<group>";
		};
		A2113BE8289FB9AF00F37A44 /* LaunchScreen.storyboard */ = {
			isa = PBXVariantGroup;
			children = (
				A2113BE9289FB9AF00F37A44 /* Base */,
			);
			name = LaunchScreen.storyboard;
			sourceTree = "<group>";
		};
/* End PBXVariantGroup section */

/* Begin XCBuildConfiguration section */
		A2113BEC289FB9AF00F37A44 /* Debug */ = {
			isa = XCBuildConfiguration;
			buildSettings = {
				ALWAYS_SEARCH_USER_PATHS = NO;
				CLANG_ANALYZER_NONNULL = YES;
				CLANG_ANALYZER_NUMBER_OBJECT_CONVERSION = YES_AGGRESSIVE;
				CLANG_CXX_LANGUAGE_STANDARD = "gnu++17";
				CLANG_ENABLE_MODULES = YES;
				CLANG_ENABLE_OBJC_ARC = YES;
				CLANG_ENABLE_OBJC_WEAK = YES;
				CLANG_WARN_BLOCK_CAPTURE_AUTORELEASING = YES;
				CLANG_WARN_BOOL_CONVERSION = YES;
				CLANG_WARN_COMMA = YES;
				CLANG_WARN_CONSTANT_CONVERSION = YES;
				CLANG_WARN_DEPRECATED_OBJC_IMPLEMENTATIONS = YES;
				CLANG_WARN_DIRECT_OBJC_ISA_USAGE = YES_ERROR;
				CLANG_WARN_DOCUMENTATION_COMMENTS = YES;
				CLANG_WARN_EMPTY_BODY = YES;
				CLANG_WARN_ENUM_CONVERSION = YES;
				CLANG_WARN_INFINITE_RECURSION = YES;
				CLANG_WARN_INT_CONVERSION = YES;
				CLANG_WARN_NON_LITERAL_NULL_CONVERSION = YES;
				CLANG_WARN_OBJC_IMPLICIT_RETAIN_SELF = YES;
				CLANG_WARN_OBJC_LITERAL_CONVERSION = YES;
				CLANG_WARN_OBJC_ROOT_CLASS = YES_ERROR;
				CLANG_WARN_QUOTED_INCLUDE_IN_FRAMEWORK_HEADER = YES;
				CLANG_WARN_RANGE_LOOP_ANALYSIS = YES;
				CLANG_WARN_STRICT_PROTOTYPES = YES;
				CLANG_WARN_SUSPICIOUS_MOVE = YES;
				CLANG_WARN_UNGUARDED_AVAILABILITY = YES_AGGRESSIVE;
				CLANG_WARN_UNREACHABLE_CODE = YES;
				CLANG_WARN__DUPLICATE_METHOD_MATCH = YES;
				COPY_PHASE_STRIP = NO;
				DEBUG_INFORMATION_FORMAT = dwarf;
				ENABLE_STRICT_OBJC_MSGSEND = YES;
				ENABLE_TESTABILITY = YES;
				GCC_C_LANGUAGE_STANDARD = gnu11;
				GCC_DYNAMIC_NO_PIC = NO;
				GCC_NO_COMMON_BLOCKS = YES;
				GCC_OPTIMIZATION_LEVEL = 0;
				GCC_PREPROCESSOR_DEFINITIONS = (
					"DEBUG=1",
					"$(inherited)",
				);
				GCC_WARN_64_TO_32_BIT_CONVERSION = YES;
				GCC_WARN_ABOUT_RETURN_TYPE = YES_ERROR;
				GCC_WARN_UNDECLARED_SELECTOR = YES;
				GCC_WARN_UNINITIALIZED_AUTOS = YES_AGGRESSIVE;
				GCC_WARN_UNUSED_FUNCTION = YES;
				GCC_WARN_UNUSED_VARIABLE = YES;
				IPHONEOS_DEPLOYMENT_TARGET = 15.5;
				MTL_ENABLE_DEBUG_INFO = INCLUDE_SOURCE;
				MTL_FAST_MATH = YES;
				ONLY_ACTIVE_ARCH = YES;
				SDKROOT = iphoneos;
				SWIFT_ACTIVE_COMPILATION_CONDITIONS = DEBUG;
				SWIFT_OPTIMIZATION_LEVEL = "-Onone";
			};
			name = Debug;
		};
		A2113BED289FB9AF00F37A44 /* Release */ = {
			isa = XCBuildConfiguration;
			buildSettings = {
				ALWAYS_SEARCH_USER_PATHS = NO;
				CLANG_ANALYZER_NONNULL = YES;
				CLANG_ANALYZER_NUMBER_OBJECT_CONVERSION = YES_AGGRESSIVE;
				CLANG_CXX_LANGUAGE_STANDARD = "gnu++17";
				CLANG_ENABLE_MODULES = YES;
				CLANG_ENABLE_OBJC_ARC = YES;
				CLANG_ENABLE_OBJC_WEAK = YES;
				CLANG_WARN_BLOCK_CAPTURE_AUTORELEASING = YES;
				CLANG_WARN_BOOL_CONVERSION = YES;
				CLANG_WARN_COMMA = YES;
				CLANG_WARN_CONSTANT_CONVERSION = YES;
				CLANG_WARN_DEPRECATED_OBJC_IMPLEMENTATIONS = YES;
				CLANG_WARN_DIRECT_OBJC_ISA_USAGE = YES_ERROR;
				CLANG_WARN_DOCUMENTATION_COMMENTS = YES;
				CLANG_WARN_EMPTY_BODY = YES;
				CLANG_WARN_ENUM_CONVERSION = YES;
				CLANG_WARN_INFINITE_RECURSION = YES;
				CLANG_WARN_INT_CONVERSION = YES;
				CLANG_WARN_NON_LITERAL_NULL_CONVERSION = YES;
				CLANG_WARN_OBJC_IMPLICIT_RETAIN_SELF = YES;
				CLANG_WARN_OBJC_LITERAL_CONVERSION = YES;
				CLANG_WARN_OBJC_ROOT_CLASS = YES_ERROR;
				CLANG_WARN_QUOTED_INCLUDE_IN_FRAMEWORK_HEADER = YES;
				CLANG_WARN_RANGE_LOOP_ANALYSIS = YES;
				CLANG_WARN_STRICT_PROTOTYPES = YES;
				CLANG_WARN_SUSPICIOUS_MOVE = YES;
				CLANG_WARN_UNGUARDED_AVAILABILITY = YES_AGGRESSIVE;
				CLANG_WARN_UNREACHABLE_CODE = YES;
				CLANG_WARN__DUPLICATE_METHOD_MATCH = YES;
				COPY_PHASE_STRIP = NO;
				DEBUG_INFORMATION_FORMAT = "dwarf-with-dsym";
				ENABLE_NS_ASSERTIONS = NO;
				ENABLE_STRICT_OBJC_MSGSEND = YES;
				GCC_C_LANGUAGE_STANDARD = gnu11;
				GCC_NO_COMMON_BLOCKS = YES;
				GCC_WARN_64_TO_32_BIT_CONVERSION = YES;
				GCC_WARN_ABOUT_RETURN_TYPE = YES_ERROR;
				GCC_WARN_UNDECLARED_SELECTOR = YES;
				GCC_WARN_UNINITIALIZED_AUTOS = YES_AGGRESSIVE;
				GCC_WARN_UNUSED_FUNCTION = YES;
				GCC_WARN_UNUSED_VARIABLE = YES;
				IPHONEOS_DEPLOYMENT_TARGET = 15.5;
				MTL_ENABLE_DEBUG_INFO = NO;
				MTL_FAST_MATH = YES;
				SDKROOT = iphoneos;
				SWIFT_COMPILATION_MODE = wholemodule;
				SWIFT_OPTIMIZATION_LEVEL = "-O";
				VALIDATE_PRODUCT = YES;
			};
			name = Release;
		};
		A2113BEF289FB9AF00F37A44 /* Debug */ = {
			isa = XCBuildConfiguration;
			baseConfigurationReference = E244B9A64AB94DB249F9BDD7 /* Pods-FingerOfTheDay.debug.xcconfig */;
			buildSettings = {
				ASSETCATALOG_COMPILER_APPICON_NAME = AppIcon;
				ASSETCATALOG_COMPILER_GLOBAL_ACCENT_COLOR_NAME = AccentColor;
				CODE_SIGN_STYLE = Automatic;
				CURRENT_PROJECT_VERSION = 1;
				DEVELOPMENT_TEAM = 2D8WKJP7C4;
				GENERATE_INFOPLIST_FILE = YES;
				INFOPLIST_FILE = FingerOfTheDay/Info.plist;
				INFOPLIST_KEY_UIApplicationSupportsIndirectInputEvents = YES;
				INFOPLIST_KEY_UILaunchStoryboardName = LaunchScreen;
				INFOPLIST_KEY_UIMainStoryboardFile = Main;
				INFOPLIST_KEY_UISupportedInterfaceOrientations_iPad = "UIInterfaceOrientationPortrait UIInterfaceOrientationPortraitUpsideDown UIInterfaceOrientationLandscapeLeft UIInterfaceOrientationLandscapeRight";
				INFOPLIST_KEY_UISupportedInterfaceOrientations_iPhone = "UIInterfaceOrientationPortrait UIInterfaceOrientationLandscapeLeft UIInterfaceOrientationLandscapeRight";
				IPHONEOS_DEPLOYMENT_TARGET = 13.0;
				LD_RUNPATH_SEARCH_PATHS = (
					"$(inherited)",
					"@executable_path/Frameworks",
				);
				MARKETING_VERSION = 1.0;
				PRODUCT_BUNDLE_IDENTIFIER = com.uk.FingerOfTheDay;
				PRODUCT_NAME = "$(TARGET_NAME)";
				SWIFT_EMIT_LOC_STRINGS = YES;
				SWIFT_VERSION = 5.0;
				TARGETED_DEVICE_FAMILY = "1,2";
			};
			name = Debug;
		};
		A2113BF0289FB9AF00F37A44 /* Release */ = {
			isa = XCBuildConfiguration;
			baseConfigurationReference = 855C3AC0218A2BD6B61E3022 /* Pods-FingerOfTheDay.release.xcconfig */;
			buildSettings = {
				ASSETCATALOG_COMPILER_APPICON_NAME = AppIcon;
				ASSETCATALOG_COMPILER_GLOBAL_ACCENT_COLOR_NAME = AccentColor;
				CODE_SIGN_STYLE = Automatic;
				CURRENT_PROJECT_VERSION = 1;
				DEVELOPMENT_TEAM = 2D8WKJP7C4;
				GENERATE_INFOPLIST_FILE = YES;
				INFOPLIST_FILE = FingerOfTheDay/Info.plist;
				INFOPLIST_KEY_UIApplicationSupportsIndirectInputEvents = YES;
				INFOPLIST_KEY_UILaunchStoryboardName = LaunchScreen;
				INFOPLIST_KEY_UIMainStoryboardFile = Main;
				INFOPLIST_KEY_UISupportedInterfaceOrientations_iPad = "UIInterfaceOrientationPortrait UIInterfaceOrientationPortraitUpsideDown UIInterfaceOrientationLandscapeLeft UIInterfaceOrientationLandscapeRight";
				INFOPLIST_KEY_UISupportedInterfaceOrientations_iPhone = "UIInterfaceOrientationPortrait UIInterfaceOrientationLandscapeLeft UIInterfaceOrientationLandscapeRight";
				IPHONEOS_DEPLOYMENT_TARGET = 13.0;
				LD_RUNPATH_SEARCH_PATHS = (
					"$(inherited)",
					"@executable_path/Frameworks",
				);
				MARKETING_VERSION = 1.0;
				PRODUCT_BUNDLE_IDENTIFIER = com.uk.FingerOfTheDay;
				PRODUCT_NAME = "$(TARGET_NAME)";
				SWIFT_EMIT_LOC_STRINGS = YES;
				SWIFT_VERSION = 5.0;
				TARGETED_DEVICE_FAMILY = "1,2";
			};
			name = Release;
		};
/* End XCBuildConfiguration section */

/* Begin XCConfigurationList section */
		A2113BD5289FB9AC00F37A44 /* Build configuration list for PBXProject "FingerOfTheDay" */ = {
			isa = XCConfigurationList;
			buildConfigurations = (
				A2113BEC289FB9AF00F37A44 /* Debug */,
				A2113BED289FB9AF00F37A44 /* Release */,
			);
			defaultConfigurationIsVisible = 0;
			defaultConfigurationName = Release;
		};
		A2113BEE289FB9AF00F37A44 /* Build configuration list for PBXNativeTarget "FingerOfTheDay" */ = {
			isa = XCConfigurationList;
			buildConfigurations = (
				A2113BEF289FB9AF00F37A44 /* Debug */,
				A2113BF0289FB9AF00F37A44 /* Release */,
			);
			defaultConfigurationIsVisible = 0;
			defaultConfigurationName = Release;
		};
/* End XCConfigurationList section */
	};
	rootObject = A2113BD2289FB9AC00F37A44 /* Project object */;
}
